
Microsoft Visual Studio Solution File, Format Version 12.00
# Visual Studio Version 17
VisualStudioVersion = 17.10.35027.167
MinimumVisualStudioVersion = 10.0.40219.1
Project("{FAE04EC0-301F-11D3-BF4B-00C04F79EFBC}") = "MiniLobby", "MiniLobby.csproj", "{D20383C1-87D6-4638-8A2F-564BE882F0F1}"
EndProject
Global
	GlobalSection(SolutionConfigurationPlatforms) = preSolution
		Debug|Any CPU = Debug|Any CPU
		Release|Any CPU = Release|Any CPU
	EndGlobalSection
	GlobalSection(ProjectConfigurationPlatforms) = postSolution
		{D20383C1-87D6-4638-8A2F-564BE882F0F1}.Debug|Any CPU.ActiveCfg = Debug|Any CPU
		{D20383C1-87D6-4638-8A2F-564BE882F0F1}.Debug|Any CPU.Build.0 = Debug|Any CPU
		{D20383C1-87D6-4638-8A2F-564BE882F0F1}.Release|Any CPU.ActiveCfg = Release|Any CPU
		{D20383C1-87D6-4638-8A2F-564BE882F0F1}.Release|Any CPU.Build.0 = Release|Any CPU
	EndGlobalSection
	GlobalSection(SolutionProperties) = preSolution
		HideSolutionNode = FALSE
	EndGlobalSection
	GlobalSection(ExtensibilityGlobals) = postSolution
		SolutionGuid = {AA8F2B79-F1AF-411A-AF17-C939C51C91A5}
	EndGlobalSection
EndGlobal
